
Microsoft Visual Studio Solution File, Format Version 12.00
# Visual Studio Version 16
VisualStudioVersion = 16.0.29102.190
MinimumVisualStudioVersion = 10.0.40219.1
Project("{FAE04EC0-301F-11D3-BF4B-00C04F79EFBC}") = "EqWebFormsDemo", "EqWebFormsDemo\EqWebFormsDemo.csproj", "{0907F31A-03D6-4A16-A16B-AB3AFC0C4E50}"
EndProject
Global
	GlobalSection(SolutionConfigurationPlatforms) = preSolution
		Debug|Any CPU = Debug|Any CPU
		Release|Any CPU = Release|Any CPU
	EndGlobalSection
	GlobalSection(ProjectConfigurationPlatforms) = postSolution
		{0907F31A-03D6-4A16-A16B-AB3AFC0C4E50}.Debug|Any CPU.ActiveCfg = Debug|Any CPU
		{0907F31A-03D6-4A16-A16B-AB3AFC0C4E50}.Debug|Any CPU.Build.0 = Debug|Any CPU
		{0907F31A-03D6-4A16-A16B-AB3AFC0C4E50}.Release|Any CPU.ActiveCfg = Release|Any CPU
		{0907F31A-03D6-4A16-A16B-AB3AFC0C4E50}.Release|Any CPU.Build.0 = Release|Any CPU
	EndGlobalSection
	GlobalSection(SolutionProperties) = preSolution
		HideSolutionNode = FALSE
	EndGlobalSection
	GlobalSection(ExtensibilityGlobals) = postSolution
		SolutionGuid = {79A3DB67-EA32-4D76-A741-BCD85B51FAF8}
	EndGlobalSection
EndGlobal
